
Microsoft Visual Studio Solution File, Format Version 12.00
# Visual Studio Version 17
VisualStudioVersion = 17.5.33424.131
MinimumVisualStudioVersion = 10.0.40219.1
Project("{FAE04EC0-301F-11D3-BF4B-00C04F79EFBC}") = "MoreCrossbows", "MoreCrossbows\MoreCrossbows.csproj", "{DEAF4438-8089-40ED-8175-398E1261D45B}"
EndProject
Project("{FAE04EC0-301F-11D3-BF4B-00C04F79EFBC}") = "BronzeAgeChest", "BronzeAgeChest\BronzeAgeChest.csproj", "{EB8B2C76-81BB-4F86-A882-86273772AEDB}"
EndProject
Project("{FAE04EC0-301F-11D3-BF4B-00C04F79EFBC}") = "CraftedBossDrops", "CraftedBossDrops\CraftedBossDrops.csproj", "{0491AAC2-0B1E-4331-9CE5-D1EB03D33F60}"
EndProject
Global
	GlobalSection(SolutionConfigurationPlatforms) = preSolution
		Debug|Any CPU = Debug|Any CPU
		Release|Any CPU = Release|Any CPU
	EndGlobalSection
	GlobalSection(ProjectConfigurationPlatforms) = postSolution
		{DEAF4438-8089-40ED-8175-398E1261D45B}.Debug|Any CPU.ActiveCfg = Debug|Any CPU
		{DEAF4438-8089-40ED-8175-398E1261D45B}.Debug|Any CPU.Build.0 = Debug|Any CPU
		{DEAF4438-8089-40ED-8175-398E1261D45B}.Release|Any CPU.ActiveCfg = Release|Any CPU
		{DEAF4438-8089-40ED-8175-398E1261D45B}.Release|Any CPU.Build.0 = Release|Any CPU
		{EB8B2C76-81BB-4F86-A882-86273772AEDB}.Debug|Any CPU.ActiveCfg = Debug|Any CPU
		{EB8B2C76-81BB-4F86-A882-86273772AEDB}.Debug|Any CPU.Build.0 = Debug|Any CPU
		{EB8B2C76-81BB-4F86-A882-86273772AEDB}.Release|Any CPU.ActiveCfg = Release|Any CPU
		{EB8B2C76-81BB-4F86-A882-86273772AEDB}.Release|Any CPU.Build.0 = Release|Any CPU
		{0491AAC2-0B1E-4331-9CE5-D1EB03D33F60}.Debug|Any CPU.ActiveCfg = Debug|Any CPU
		{0491AAC2-0B1E-4331-9CE5-D1EB03D33F60}.Debug|Any CPU.Build.0 = Debug|Any CPU
		{0491AAC2-0B1E-4331-9CE5-D1EB03D33F60}.Release|Any CPU.ActiveCfg = Release|Any CPU
		{0491AAC2-0B1E-4331-9CE5-D1EB03D33F60}.Release|Any CPU.Build.0 = Release|Any CPU
	EndGlobalSection
	GlobalSection(SolutionProperties) = preSolution
		HideSolutionNode = FALSE
	EndGlobalSection
	GlobalSection(ExtensibilityGlobals) = postSolution
		SolutionGuid = {04FA40AF-91D5-4CE8-92ED-7530C8DF0D5E}
	EndGlobalSection
EndGlobal
